
Microsoft Visual Studio Solution File, Format Version 12.00
# Visual Studio 14
VisualStudioVersion = 14.0.25420.1
MinimumVisualStudioVersion = 10.0.40219.1
Project("{FAE04EC0-301F-11D3-BF4B-00C04F79EFBC}") = "ClientTicTacToe", "ClientTicTacToe\ClientTicTacToe.csproj", "{7ECF999F-5248-49E8-9DA0-E9F3E4B4A62C}"
	ProjectSection(ProjectDependencies) = postProject
		{DBFF43F2-B1C8-47CF-A17D-6235560F823B} = {DBFF43F2-B1C8-47CF-A17D-6235560F823B}
	EndProjectSection
EndProject
Project("{FAE04EC0-301F-11D3-BF4B-00C04F79EFBC}") = "TicTacToe", "..\TicTacToe\TicTacToe\TicTacToe.csproj", "{DBFF43F2-B1C8-47CF-A17D-6235560F823B}"
EndProject
Global
	GlobalSection(SolutionConfigurationPlatforms) = preSolution
		Debug|Any CPU = Debug|Any CPU
		Release|Any CPU = Release|Any CPU
	EndGlobalSection
	GlobalSection(ProjectConfigurationPlatforms) = postSolution
		{7ECF999F-5248-49E8-9DA0-E9F3E4B4A62C}.Debug|Any CPU.ActiveCfg = Debug|Any CPU
		{7ECF999F-5248-49E8-9DA0-E9F3E4B4A62C}.Debug|Any CPU.Build.0 = Debug|Any CPU
		{7ECF999F-5248-49E8-9DA0-E9F3E4B4A62C}.Release|Any CPU.ActiveCfg = Release|Any CPU
		{7ECF999F-5248-49E8-9DA0-E9F3E4B4A62C}.Release|Any CPU.Build.0 = Release|Any CPU
		{DBFF43F2-B1C8-47CF-A17D-6235560F823B}.Debug|Any CPU.ActiveCfg = Debug|Any CPU
		{DBFF43F2-B1C8-47CF-A17D-6235560F823B}.Debug|Any CPU.Build.0 = Debug|Any CPU
		{DBFF43F2-B1C8-47CF-A17D-6235560F823B}.Release|Any CPU.ActiveCfg = Release|Any CPU
		{DBFF43F2-B1C8-47CF-A17D-6235560F823B}.Release|Any CPU.Build.0 = Release|Any CPU
	EndGlobalSection
	GlobalSection(SolutionProperties) = preSolution
		HideSolutionNode = FALSE
	EndGlobalSection
EndGlobal
